
Microsoft Visual Studio Solution File, Format Version 12.00
# Visual Studio 15
VisualStudioVersion = 15.0.27130.2010
MinimumVisualStudioVersion = 10.0.40219.1
Project("{2150E333-8FDC-42A3-9474-1A3956D46DE8}") = "Apps", "Apps", "{6702B778-D18E-4FEE-99E6-A64FD41E6C72}"
EndProject
Project("{2150E333-8FDC-42A3-9474-1A3956D46DE8}") = "Libs", "Libs", "{D8D7DCCB-421C-43E3-A5BC-46D34EC2FB54}"
EndProject
Project("{2150E333-8FDC-42A3-9474-1A3956D46DE8}") = "Tests", "Tests", "{480702F9-64DE-4B1B-BE7E-AD2D8975BCDE}"
EndProject
Project("{9A19103F-16F7-4668-BE54-9A1E7A4F7556}") = "BusinessLogic", "Libs\BusinessLogic\BusinessLogic.csproj", "{5EC3E385-6A56-4A26-A4EB-359A3928C1A1}"
EndProject
Project("{FAE04EC0-301F-11D3-BF4B-00C04F79EFBC}") = "BusinessLogic.UnitTests", "Tests\BusinessLogic.UnitTests\BusinessLogic.UnitTests.csproj", "{5055CA35-6A60-4F3E-98EA-F345FA57D384}"
EndProject
Project("{2150E333-8FDC-42A3-9474-1A3956D46DE8}") = "Solution Items", "Solution Items", "{B5AA1C82-9E8F-45DA-BBF7-6064C2BE0DB2}"
	ProjectSection(SolutionItems) = preProject
		README.md = README.md
	EndProjectSection
EndProject
Project("{FAE04EC0-301F-11D3-BF4B-00C04F79EFBC}") = "WebApi", "Apps\WebApi\WebApi.csproj", "{F85588FE-6AD4-4CB3-80C7-26CBE1C27430}"
EndProject
Global
	GlobalSection(SolutionConfigurationPlatforms) = preSolution
		Debug|Any CPU = Debug|Any CPU
		Release|Any CPU = Release|Any CPU
		Test|Any CPU = Test|Any CPU
	EndGlobalSection
	GlobalSection(ProjectConfigurationPlatforms) = postSolution
		{5EC3E385-6A56-4A26-A4EB-359A3928C1A1}.Debug|Any CPU.ActiveCfg = Debug|Any CPU
		{5EC3E385-6A56-4A26-A4EB-359A3928C1A1}.Debug|Any CPU.Build.0 = Debug|Any CPU
		{5EC3E385-6A56-4A26-A4EB-359A3928C1A1}.Release|Any CPU.ActiveCfg = Release|Any CPU
		{5EC3E385-6A56-4A26-A4EB-359A3928C1A1}.Release|Any CPU.Build.0 = Release|Any CPU
		{5EC3E385-6A56-4A26-A4EB-359A3928C1A1}.Test|Any CPU.ActiveCfg = Test|Any CPU
		{5EC3E385-6A56-4A26-A4EB-359A3928C1A1}.Test|Any CPU.Build.0 = Test|Any CPU
		{5055CA35-6A60-4F3E-98EA-F345FA57D384}.Debug|Any CPU.ActiveCfg = Debug|Any CPU
		{5055CA35-6A60-4F3E-98EA-F345FA57D384}.Debug|Any CPU.Build.0 = Debug|Any CPU
		{5055CA35-6A60-4F3E-98EA-F345FA57D384}.Release|Any CPU.ActiveCfg = Release|Any CPU
		{5055CA35-6A60-4F3E-98EA-F345FA57D384}.Release|Any CPU.Build.0 = Release|Any CPU
		{5055CA35-6A60-4F3E-98EA-F345FA57D384}.Test|Any CPU.ActiveCfg = Test|Any CPU
		{5055CA35-6A60-4F3E-98EA-F345FA57D384}.Test|Any CPU.Build.0 = Test|Any CPU
		{F85588FE-6AD4-4CB3-80C7-26CBE1C27430}.Debug|Any CPU.ActiveCfg = Debug|Any CPU
		{F85588FE-6AD4-4CB3-80C7-26CBE1C27430}.Debug|Any CPU.Build.0 = Debug|Any CPU
		{F85588FE-6AD4-4CB3-80C7-26CBE1C27430}.Release|Any CPU.ActiveCfg = Release|Any CPU
		{F85588FE-6AD4-4CB3-80C7-26CBE1C27430}.Release|Any CPU.Build.0 = Release|Any CPU
		{F85588FE-6AD4-4CB3-80C7-26CBE1C27430}.Test|Any CPU.ActiveCfg = Test|Any CPU
		{F85588FE-6AD4-4CB3-80C7-26CBE1C27430}.Test|Any CPU.Build.0 = Test|Any CPU
	EndGlobalSection
	GlobalSection(SolutionProperties) = preSolution
		HideSolutionNode = FALSE
	EndGlobalSection
	GlobalSection(NestedProjects) = preSolution
		{5EC3E385-6A56-4A26-A4EB-359A3928C1A1} = {D8D7DCCB-421C-43E3-A5BC-46D34EC2FB54}
		{5055CA35-6A60-4F3E-98EA-F345FA57D384} = {480702F9-64DE-4B1B-BE7E-AD2D8975BCDE}
		{F85588FE-6AD4-4CB3-80C7-26CBE1C27430} = {6702B778-D18E-4FEE-99E6-A64FD41E6C72}
	EndGlobalSection
	GlobalSection(ExtensibilityGlobals) = postSolution
		SolutionGuid = {E45A82E8-1F0E-4F30-A50A-B9B65E235031}
	EndGlobalSection
EndGlobal
